PODS:
  - AppCenter (4.4.2):
    - AppCenter/Analytics (= 4.4.2)
    - AppCenter/Crashes (= 4.4.2)
  - AppCenter/Analytics (4.4.2):
    - AppCenter/Core
  - AppCenter/Core (4.4.2)
  - AppCenter/Crashes (4.4.2):
    - AppCenter/Core

DEPENDENCIES:
  - AppCenter

SPEC REPOS:
  trunk:
    - AppCenter

SPEC CHECKSUMS:
  AppCenter: b0eca112a27b71e97488ffa1949ee38c7abd4b79

PODFILE CHECKSUM: 54f47a8c6fbacdd66ec66919691eda6bf4dc0f2f

COCOAPODS: 1.11.3
